
Microsoft Visual Studio Solution File, Format Version 12.00
# Visual Studio Version 17
VisualStudioVersion = 17.5.2.0
MinimumVisualStudioVersion = 10.0.40219.1
Project("{2150E333-8FDC-42A3-9474-1A3956D46DE8}") = "Backend", "Backend", "{1AE8ACA6-933B-BF2A-3671-3E2EAC007D16}"
EndProject
Project("{FAE04EC0-301F-11D3-BF4B-00C04F79EFBC}") = "WateringController.Backend", "backend\WateringController.Backend.csproj", "{92A636E5-D9E1-4CE8-9E8C-7DE64BA7CE66}"
EndProject
Project("{2150E333-8FDC-42A3-9474-1A3956D46DE8}") = "Frontend", "Frontend", "{CE609670-85B9-0D16-FB54-ED063D5D8A6D}"
EndProject
Project("{FAE04EC0-301F-11D3-BF4B-00C04F79EFBC}") = "WateringController.Frontend", "frontend\WateringController.Frontend.csproj", "{5D91F553-0958-419A-A504-A60B5B6D0334}"
EndProject
Project("{2150E333-8FDC-42A3-9474-1A3956D46DE8}") = "Tests", "Tests", "{0AB3BF05-4346-4AA6-1389-037BE0695223}"
EndProject
Project("{FAE04EC0-301F-11D3-BF4B-00C04F79EFBC}") = "WateringController.Backend.Tests", "backend.tests\WateringController.Backend.Tests.csproj", "{B0E26AD4-C05F-4E56-96EB-4FC8D24AF956}"
EndProject
Project("{2150E333-8FDC-42A3-9474-1A3956D46DE8}") = "frontend.e2e", "frontend.e2e", "{A1D940E2-E79F-3FD4-273C-EDA8826E1EAA}"
EndProject
Project("{FAE04EC0-301F-11D3-BF4B-00C04F79EFBC}") = "WateringController.Frontend.E2E", "frontend.e2e\WateringController.Frontend.E2E.csproj", "{81954392-E6EB-4965-8F97-BF16BEE3A1C7}"
EndProject
Global
	GlobalSection(SolutionConfigurationPlatforms) = preSolution
		Debug|Any CPU = Debug|Any CPU
		Debug|x64 = Debug|x64
		Debug|x86 = Debug|x86
		Release|Any CPU = Release|Any CPU
		Release|x64 = Release|x64
		Release|x86 = Release|x86
	EndGlobalSection
	GlobalSection(ProjectConfigurationPlatforms) = postSolution
		{92A636E5-D9E1-4CE8-9E8C-7DE64BA7CE66}.Debug|Any CPU.ActiveCfg = Debug|Any CPU
		{92A636E5-D9E1-4CE8-9E8C-7DE64BA7CE66}.Debug|Any CPU.Build.0 = Debug|Any CPU
		{92A636E5-D9E1-4CE8-9E8C-7DE64BA7CE66}.Debug|x64.ActiveCfg = Debug|Any CPU
		{92A636E5-D9E1-4CE8-9E8C-7DE64BA7CE66}.Debug|x64.Build.0 = Debug|Any CPU
		{92A636E5-D9E1-4CE8-9E8C-7DE64BA7CE66}.Debug|x86.ActiveCfg = Debug|Any CPU
		{92A636E5-D9E1-4CE8-9E8C-7DE64BA7CE66}.Debug|x86.Build.0 = Debug|Any CPU
		{92A636E5-D9E1-4CE8-9E8C-7DE64BA7CE66}.Release|Any CPU.ActiveCfg = Release|Any CPU
		{92A636E5-D9E1-4CE8-9E8C-7DE64BA7CE66}.Release|Any CPU.Build.0 = Release|Any CPU
		{92A636E5-D9E1-4CE8-9E8C-7DE64BA7CE66}.Release|x64.ActiveCfg = Release|Any CPU
		{92A636E5-D9E1-4CE8-9E8C-7DE64BA7CE66}.Release|x64.Build.0 = Release|Any CPU
		{92A636E5-D9E1-4CE8-9E8C-7DE64BA7CE66}.Release|x86.ActiveCfg = Release|Any CPU
		{92A636E5-D9E1-4CE8-9E8C-7DE64BA7CE66}.Release|x86.Build.0 = Release|Any CPU
		{5D91F553-0958-419A-A504-A60B5B6D0334}.Debug|Any CPU.ActiveCfg = Debug|Any CPU
		{5D91F553-0958-419A-A504-A60B5B6D0334}.Debug|Any CPU.Build.0 = Debug|Any CPU
		{5D91F553-0958-419A-A504-A60B5B6D0334}.Debug|x64.ActiveCfg = Debug|Any CPU
		{5D91F553-0958-419A-A504-A60B5B6D0334}.Debug|x64.Build.0 = Debug|Any CPU
		{5D91F553-0958-419A-A504-A60B5B6D0334}.Debug|x86.ActiveCfg = Debug|Any CPU
		{5D91F553-0958-419A-A504-A60B5B6D0334}.Debug|x86.Build.0 = Debug|Any CPU
		{5D91F553-0958-419A-A504-A60B5B6D0334}.Release|Any CPU.ActiveCfg = Release|Any CPU
		{5D91F553-0958-419A-A504-A60B5B6D0334}.Release|Any CPU.Build.0 = Release|Any CPU
		{5D91F553-0958-419A-A504-A60B5B6D0334}.Release|x64.ActiveCfg = Release|Any CPU
		{5D91F553-0958-419A-A504-A60B5B6D0334}.Release|x64.Build.0 = Release|Any CPU
		{5D91F553-0958-419A-A504-A60B5B6D0334}.Release|x86.ActiveCfg = Release|Any CPU
		{5D91F553-0958-419A-A504-A60B5B6D0334}.Release|x86.Build.0 = Release|Any CPU
		{B0E26AD4-C05F-4E56-96EB-4FC8D24AF956}.Debug|Any CPU.ActiveCfg = Debug|Any CPU
		{B0E26AD4-C05F-4E56-96EB-4FC8D24AF956}.Debug|Any CPU.Build.0 = Debug|Any CPU
		{B0E26AD4-C05F-4E56-96EB-4FC8D24AF956}.Debug|x64.ActiveCfg = Debug|Any CPU
		{B0E26AD4-C05F-4E56-96EB-4FC8D24AF956}.Debug|x64.Build.0 = Debug|Any CPU
		{B0E26AD4-C05F-4E56-96EB-4FC8D24AF956}.Debug|x86.ActiveCfg = Debug|Any CPU
		{B0E26AD4-C05F-4E56-96EB-4FC8D24AF956}.Debug|x86.Build.0 = Debug|Any CPU
		{B0E26AD4-C05F-4E56-96EB-4FC8D24AF956}.Release|Any CPU.ActiveCfg = Release|Any CPU
		{B0E26AD4-C05F-4E56-96EB-4FC8D24AF956}.Release|Any CPU.Build.0 = Release|Any CPU
		{B0E26AD4-C05F-4E56-96EB-4FC8D24AF956}.Release|x64.ActiveCfg = Release|Any CPU
		{B0E26AD4-C05F-4E56-96EB-4FC8D24AF956}.Release|x64.Build.0 = Release|Any CPU
		{B0E26AD4-C05F-4E56-96EB-4FC8D24AF956}.Release|x86.ActiveCfg = Release|Any CPU
		{B0E26AD4-C05F-4E56-96EB-4FC8D24AF956}.Release|x86.Build.0 = Release|Any CPU
		{81954392-E6EB-4965-8F97-BF16BEE3A1C7}.Debug|Any CPU.ActiveCfg = Debug|Any CPU
		{81954392-E6EB-4965-8F97-BF16BEE3A1C7}.Debug|Any CPU.Build.0 = Debug|Any CPU
		{81954392-E6EB-4965-8F97-BF16BEE3A1C7}.Debug|x64.ActiveCfg = Debug|Any CPU
		{81954392-E6EB-4965-8F97-BF16BEE3A1C7}.Debug|x64.Build.0 = Debug|Any CPU
		{81954392-E6EB-4965-8F97-BF16BEE3A1C7}.Debug|x86.ActiveCfg = Debug|Any CPU
		{81954392-E6EB-4965-8F97-BF16BEE3A1C7}.Debug|x86.Build.0 = Debug|Any CPU
		{81954392-E6EB-4965-8F97-BF16BEE3A1C7}.Release|Any CPU.ActiveCfg = Release|Any CPU
		{81954392-E6EB-4965-8F97-BF16BEE3A1C7}.Release|Any CPU.Build.0 = Release|Any CPU
		{81954392-E6EB-4965-8F97-BF16BEE3A1C7}.Release|x64.ActiveCfg = Release|Any CPU
		{81954392-E6EB-4965-8F97-BF16BEE3A1C7}.Release|x64.Build.0 = Release|Any CPU
		{81954392-E6EB-4965-8F97-BF16BEE3A1C7}.Release|x86.ActiveCfg = Release|Any CPU
		{81954392-E6EB-4965-8F97-BF16BEE3A1C7}.Release|x86.Build.0 = Release|Any CPU
	EndGlobalSection
	GlobalSection(SolutionProperties) = preSolution
		HideSolutionNode = FALSE
	EndGlobalSection
	GlobalSection(NestedProjects) = preSolution
		{92A636E5-D9E1-4CE8-9E8C-7DE64BA7CE66} = {1AE8ACA6-933B-BF2A-3671-3E2EAC007D16}
		{5D91F553-0958-419A-A504-A60B5B6D0334} = {CE609670-85B9-0D16-FB54-ED063D5D8A6D}
		{B0E26AD4-C05F-4E56-96EB-4FC8D24AF956} = {0AB3BF05-4346-4AA6-1389-037BE0695223}
		{81954392-E6EB-4965-8F97-BF16BEE3A1C7} = {A1D940E2-E79F-3FD4-273C-EDA8826E1EAA}
	EndGlobalSection
	GlobalSection(ExtensibilityGlobals) = postSolution
		SolutionGuid = {998CA257-F239-4592-BA4A-D325173932C2}
	EndGlobalSection
EndGlobal
